
Microsoft Visual Studio Solution File, Format Version 12.00
# Visual Studio Version 17
VisualStudioVersion = 17.13.35825.156 d17.13
MinimumVisualStudioVersion = 10.0.40219.1
Project("{FAE04EC0-301F-11D3-BF4B-00C04F79EFBC}") = "UserManagementApp", "UserManagementApp.csproj", "{DD15F85C-4412-48DF-AD89-EEB6B42DA1EF}"
EndProject
Global
	GlobalSection(SolutionConfigurationPlatforms) = preSolution
		Debug|Any CPU = Debug|Any CPU
		Release|Any CPU = Release|Any CPU
	EndGlobalSection
	GlobalSection(ProjectConfigurationPlatforms) = postSolution
		{DD15F85C-4412-48DF-AD89-EEB6B42DA1EF}.Debug|Any CPU.ActiveCfg = Debug|Any CPU
		{DD15F85C-4412-48DF-AD89-EEB6B42DA1EF}.Debug|Any CPU.Build.0 = Debug|Any CPU
		{DD15F85C-4412-48DF-AD89-EEB6B42DA1EF}.Release|Any CPU.ActiveCfg = Release|Any CPU
		{DD15F85C-4412-48DF-AD89-EEB6B42DA1EF}.Release|Any CPU.Build.0 = Release|Any CPU
	EndGlobalSection
	GlobalSection(SolutionProperties) = preSolution
		HideSolutionNode = FALSE
	EndGlobalSection
	GlobalSection(ExtensibilityGlobals) = postSolution
		SolutionGuid = {9F91067B-6274-42DC-8990-D9F4FFECE6DA}
	EndGlobalSection
EndGlobal
